
Microsoft Visual Studio Solution File, Format Version 12.00
# Visual Studio Version 17
VisualStudioVersion = 17.2.32630.192
MinimumVisualStudioVersion = 10.0.40219.1
Project("{FAE04EC0-301F-11D3-BF4B-00C04F79EFBC}") = "consoleapp3", "consoleapp3\consoleapp3.csproj", "{D8644422-4034-4FBC-A4F2-1C581FD88A68}"
EndProject
Global
	GlobalSection(SolutionConfigurationPlatforms) = preSolution
		Debug|Any CPU = Debug|Any CPU
		Release|Any CPU = Release|Any CPU
	EndGlobalSection
	GlobalSection(ProjectConfigurationPlatforms) = postSolution
		{D8644422-4034-4FBC-A4F2-1C581FD88A68}.Debug|Any CPU.ActiveCfg = Debug|Any CPU
		{D8644422-4034-4FBC-A4F2-1C581FD88A68}.Debug|Any CPU.Build.0 = Debug|Any CPU
		{D8644422-4034-4FBC-A4F2-1C581FD88A68}.Release|Any CPU.ActiveCfg = Release|Any CPU
		{D8644422-4034-4FBC-A4F2-1C581FD88A68}.Release|Any CPU.Build.0 = Release|Any CPU
	EndGlobalSection
	GlobalSection(SolutionProperties) = preSolution
		HideSolutionNode = FALSE
	EndGlobalSection
	GlobalSection(ExtensibilityGlobals) = postSolution
		SolutionGuid = {2511A687-90B3-478C-B9DB-ED71BF86570D}
	EndGlobalSection
EndGlobal
